
Microsoft Visual Studio Solution File, Format Version 12.00
# Visual Studio Version 17
VisualStudioVersion = 17.1.32228.430
MinimumVisualStudioVersion = 10.0.40219.1
Project("{9A19103F-16F7-4668-BE54-9A1E7A4F7556}") = "EjemploHilos01", "EjemploHilos01\EjemploHilos01.csproj", "{93A68EF4-82A0-40C5-8EA8-A3F3EDAD3F30}"
EndProject
Project("{FAE04EC0-301F-11D3-BF4B-00C04F79EFBC}") = "Hilos", "Hilos\Hilos.csproj", "{0ACF3869-92CA-41D6-A256-091FA8011900}"
EndProject
Project("{FAE04EC0-301F-11D3-BF4B-00C04F79EFBC}") = "winThereads", "winThereads\winThereads.csproj", "{9976DEEB-59C6-4324-BB7D-432511906421}"
EndProject
Global
	GlobalSection(SolutionConfigurationPlatforms) = preSolution
		Debug|Any CPU = Debug|Any CPU
		Release|Any CPU = Release|Any CPU
	EndGlobalSection
	GlobalSection(ProjectConfigurationPlatforms) = postSolution
		{93A68EF4-82A0-40C5-8EA8-A3F3EDAD3F30}.Debug|Any CPU.ActiveCfg = Debug|Any CPU
		{93A68EF4-82A0-40C5-8EA8-A3F3EDAD3F30}.Debug|Any CPU.Build.0 = Debug|Any CPU
		{93A68EF4-82A0-40C5-8EA8-A3F3EDAD3F30}.Release|Any CPU.ActiveCfg = Release|Any CPU
		{93A68EF4-82A0-40C5-8EA8-A3F3EDAD3F30}.Release|Any CPU.Build.0 = Release|Any CPU
		{0ACF3869-92CA-41D6-A256-091FA8011900}.Debug|Any CPU.ActiveCfg = Debug|Any CPU
		{0ACF3869-92CA-41D6-A256-091FA8011900}.Debug|Any CPU.Build.0 = Debug|Any CPU
		{0ACF3869-92CA-41D6-A256-091FA8011900}.Release|Any CPU.ActiveCfg = Release|Any CPU
		{0ACF3869-92CA-41D6-A256-091FA8011900}.Release|Any CPU.Build.0 = Release|Any CPU
		{9976DEEB-59C6-4324-BB7D-432511906421}.Debug|Any CPU.ActiveCfg = Debug|Any CPU
		{9976DEEB-59C6-4324-BB7D-432511906421}.Debug|Any CPU.Build.0 = Debug|Any CPU
		{9976DEEB-59C6-4324-BB7D-432511906421}.Release|Any CPU.ActiveCfg = Release|Any CPU
		{9976DEEB-59C6-4324-BB7D-432511906421}.Release|Any CPU.Build.0 = Release|Any CPU
	EndGlobalSection
	GlobalSection(SolutionProperties) = preSolution
		HideSolutionNode = FALSE
	EndGlobalSection
	GlobalSection(ExtensibilityGlobals) = postSolution
		SolutionGuid = {3C93083E-41CB-4129-A0CB-07A4FF55CA2B}
	EndGlobalSection
EndGlobal
